// !$*UTF8*$!
{
	archiveVersion = 1;
	classes = {
	};
	objectVersion = 50;
	objects = {

/* Begin PBXBuildFile section */
		C81B099821B6A21200E12E6D /* main.cpp in Sources */ = {isa = PBXBuildFile; fileRef = C81B099721B6A21200E12E6D /* main.cpp */; };
		C81B09A021B6A30600E12E6D /* libglut.3.10.0.dylib in Frameworks */ = {isa = PBXBuildFile; fileRef = C81B099F21B6A30600E12E6D /* libglut.3.10.0.dylib */; };
		C81B09A221B6A37900E12E6D /* GLUT.framework in Frameworks */ = {isa = PBXBuildFile; fileRef = C81B09A121B6A37900E12E6D /* GLUT.framework */; };
		C81B09A421B6A37F00E12E6D /* OpenGL.framework in Frameworks */ = {isa = PBXBuildFile; fileRef = C81B09A321B6A37F00E12E6D /* OpenGL.framework */; };
/* End PBXBuildFile section */

/* Begin PBXCopyFilesBuildPhase section */
		C81B099221B6A21200E12E6D /* CopyFiles */ = {
			isa = PBXCopyFilesBuildPhase;
			buildActionMask = 2147483647;
			dstPath = /usr/share/man/man1/;
			dstSubfolderSpec = 0;
			files = (
			);
			runOnlyForDeploymentPostprocessing = 1;
		};
/* End PBXCopyFilesBuildPhase section */

/* Begin PBXFileReference section */
		C81B099421B6A21200E12E6D /* Lab1_OprnGl */ = {isa = PBXFileReference; explicitFileType = "compiled.mach-o.executable"; includeInIndex = 0; path = Lab1_OprnGl; sourceTree = BUILT_PRODUCTS_DIR; };
		C81B099721B6A21200E12E6D /* main.cpp */ = {isa = PBXFileReference; lastKnownFileType = sourcecode.cpp.cpp; path = main.cpp; sourceTree = "<group>"; };
		C81B099F21B6A30600E12E6D /* libglut.3.10.0.dylib */ = {isa = PBXFileReference; lastKnownFileType = "compiled.mach-o.dylib"; name = libglut.3.10.0.dylib; path = ../../../../usr/local/Cellar/freeglut/3.0.0/lib/libglut.3.10.0.dylib; sourceTree = "<group>"; };
		C81B09A121B6A37900E12E6D /* GLUT.framework */ = {isa = PBXFileReference; lastKnownFileType = wrapper.framework; name = GLUT.framework; path = System/Library/Frameworks/GLUT.framework; sourceTree = SDKROOT; };
		C81B09A321B6A37F00E12E6D /* OpenGL.framework */ = {isa = PBXFileReference; lastKnownFileType = wrapper.framework; name = OpenGL.framework; path = System/Library/Frameworks/OpenGL.framework; sourceTree = SDKROOT; };
/* End PBXFileReference section */

/* Begin PBXFrameworksBuildPhase section */
		C81B099121B6A21200E12E6D /* Frameworks */ = {
			isa = PBXFrameworksBuildPhase;
			buildActionMask = 2147483647;
			files = (
				C81B09A421B6A37F00E12E6D /* OpenGL.framework in Frameworks */,
				C81B09A221B6A37900E12E6D /* GLUT.framework in Frameworks */,
				C81B09A021B6A30600E12E6D /* libglut.3.10.0.dylib in Frameworks */,
			);
			runOnlyForDeploymentPostprocessing = 0;
		};
/* End PBXFrameworksBuildPhase section */

/* Begin PBXGroup section */
		C81B098B21B6A21200E12E6D = {
			isa = PBXGroup;
			children = (
				C81B099621B6A21200E12E6D /* Lab1_OprnGl */,
				C81B099521B6A21200E12E6D /* Products */,
				C81B099E21B6A30600E12E6D /* Frameworks */,
			);
			sourceTree = "<group>";
		};
		C81B099521B6A21200E12E6D /* Products */ = {
			isa = PBXGroup;
			children = (
				C81B099421B6A21200E12E6D /* Lab1_OprnGl */,
			);
			name = Products;
			sourceTree = "<group>";
		};
		C81B099621B6A21200E12E6D /* Lab1_OprnGl */ = {
			isa = PBXGroup;
			children = (
				C81B099721B6A21200E12E6D /* main.cpp */,
			);
			path = Lab1_OprnGl;
			sourceTree = "<group>";
		};
		C81B099E21B6A30600E12E6D /* Frameworks */ = {
			isa = PBXGroup;
			children = (
				C81B09A321B6A37F00E12E6D /* OpenGL.framework */,
				C81B09A121B6A37900E12E6D /* GLUT.framework */,
				C81B099F21B6A30600E12E6D /* libglut.3.10.0.dylib */,
			);
			name = Frameworks;
			sourceTree = "<group>";
		};
/* End PBXGroup section */

/* Begin PBXNativeTarget section */
		C81B099321B6A21200E12E6D /* Lab1_OprnGl */ = {
			isa = PBXNativeTarget;
			buildConfigurationList = C81B099B21B6A21200E12E6D /* Build configuration list for PBXNativeTarget "Lab1_OprnGl" */;
			buildPhases = (
				C81B099021B6A21200E12E6D /* Sources */,
				C81B099121B6A21200E12E6D /* Frameworks */,
				C81B099221B6A21200E12E6D /* CopyFiles */,
			);
			buildRules = (
			);
			dependencies = (
			);
			name = Lab1_OprnGl;
			productName = Lab1_OprnGl;
			productReference = C81B099421B6A21200E12E6D /* Lab1_OprnGl */;
			productType = "com.apple.product-type.tool";
		};
/* End PBXNativeTarget section */

/* Begin PBXProject section */
		C81B098C21B6A21200E12E6D /* Project object */ = {
			isa = PBXProject;
			attributes = {
				LastUpgradeCheck = 0940;
				ORGANIZATIONNAME = "Valery Selendireyko";
				TargetAttributes = {
					C81B099321B6A21200E12E6D = {
						CreatedOnToolsVersion = 9.4;
					};
				};
			};
			buildConfigurationList = C81B098F21B6A21200E12E6D /* Build configuration list for PBXProject "Lab1_OprnGl" */;
			compatibilityVersion = "Xcode 9.3";
			developmentRegion = en;
			hasScannedForEncodings = 0;
			knownRegions = (
				en,
			);
			mainGroup = C81B098B21B6A21200E12E6D;
			productRefGroup = C81B099521B6A21200E12E6D /* Products */;
			projectDirPath = "";
			projectRoot = "";
			targets = (
				C81B099321B6A21200E12E6D /* Lab1_OprnGl */,
			);
		};
/* End PBXProject section */

/* Begin PBXSourcesBuildPhase section */
		C81B099021B6A21200E12E6D /* Sources */ = {
			isa = PBXSourcesBuildPhase;
			buildActionMask = 2147483647;
			files = (
				C81B099821B6A21200E12E6D /* main.cpp in Sources */,
			);
			runOnlyForDeploymentPostprocessing = 0;
		};
/* End PBXSourcesBuildPhase section */

/* Begin XCBuildConfiguration section */
		C81B099921B6A21200E12E6D /* Debug */ = {
			isa = XCBuildConfiguration;
			buildSettings = {
				ALWAYS_SEARCH_USER_PATHS = NO;
				CLANG_ANALYZER_NONNULL = YES;
				CLANG_ANALYZER_NUMBER_OBJECT_CONVERSION = YES_AGGRESSIVE;
				CLANG_CXX_LANGUAGE_STANDARD = "gnu++14";
				CLANG_CXX_LIBRARY = "libc++";
				CLANG_ENABLE_MODULES = YES;
				CLANG_ENABLE_OBJC_ARC = YES;
				CLANG_ENABLE_OBJC_WEAK = YES;
				CLANG_WARN_BLOCK_CAPTURE_AUTORELEASING = YES;
				CLANG_WARN_BOOL_CONVERSION = YES;
				CLANG_WARN_COMMA = YES;
				CLANG_WARN_CONSTANT_CONVERSION = YES;
				CLANG_WARN_DEPRECATED_OBJC_IMPLEMENTATIONS = YES;
				CLANG_WARN_DIRECT_OBJC_ISA_USAGE = YES_ERROR;
				CLANG_WARN_DOCUMENTATION_COMMENTS = YES;
				CLANG_WARN_EMPTY_BODY = YES;
				CLANG_WARN_ENUM_CONVERSION = YES;
				CLANG_WARN_INFINITE_RECURSION = YES;
				CLANG_WARN_INT_CONVERSION = YES;
				CLANG_WARN_NON_LITERAL_NULL_CONVERSION = YES;
				CLANG_WARN_OBJC_IMPLICIT_RETAIN_SELF = YES;
				CLANG_WARN_OBJC_LITERAL_CONVERSION = YES;
				CLANG_WARN_OBJC_ROOT_CLASS = YES_ERROR;
				CLANG_WARN_RANGE_LOOP_ANALYSIS = YES;
				CLANG_WARN_STRICT_PROTOTYPES = YES;
				CLANG_WARN_SUSPICIOUS_MOVE = YES;
				CLANG_WARN_UNGUARDED_AVAILABILITY = YES_AGGRESSIVE;
				CLANG_WARN_UNREACHABLE_CODE = YES;
				CLANG_WARN__DUPLICATE_METHOD_MATCH = YES;
				CODE_SIGN_IDENTITY = "-";
				COPY_PHASE_STRIP = NO;
				DEBUG_INFORMATION_FORMAT = dwarf;
				ENABLE_STRICT_OBJC_MSGSEND = YES;
				ENABLE_TESTABILITY = YES;
				GCC_C_LANGUAGE_STANDARD = gnu11;
				GCC_DYNAMIC_NO_PIC = NO;
				GCC_NO_COMMON_BLOCKS = YES;
				GCC_OPTIMIZATION_LEVEL = 0;
				GCC_PREPROCESSOR_DEFINITIONS = (
					"DEBUG=1",
					"$(inherited)",
				);
				GCC_WARN_64_TO_32_BIT_CONVERSION = YES;
				GCC_WARN_ABOUT_RETURN_TYPE = YES_ERROR;
				GCC_WARN_UNDECLARED_SELECTOR = YES;
				GCC_WARN_UNINITIALIZED_AUTOS = YES_AGGRESSIVE;
				GCC_WARN_UNUSED_FUNCTION = YES;
				GCC_WARN_UNUSED_VARIABLE = YES;
				MACOSX_DEPLOYMENT_TARGET = 10.14;
				MTL_ENABLE_DEBUG_INFO = YES;
				ONLY_ACTIVE_ARCH = YES;
				SDKROOT = macosx;
			};
			name = Debug;
		};
		C81B099A21B6A21200E12E6D /* Release */ = {
			isa = XCBuildConfiguration;
			buildSettings = {
				ALWAYS_SEARCH_USER_PATHS = NO;
				CLANG_ANALYZER_NONNULL = YES;
				CLANG_ANALYZER_NUMBER_OBJECT_CONVERSION = YES_AGGRESSIVE;
				CLANG_CXX_LANGUAGE_STANDARD = "gnu++14";
				CLANG_CXX_LIBRARY = "libc++";
				CLANG_ENABLE_MODULES = YES;
				CLANG_ENABLE_OBJC_ARC = YES;
				CLANG_ENABLE_OBJC_WEAK = YES;
				CLANG_WARN_BLOCK_CAPTURE_AUTORELEASING = YES;
				CLANG_WARN_BOOL_CONVERSION = YES;
				CLANG_WARN_COMMA = YES;
				CLANG_WARN_CONSTANT_CONVERSION = YES;
				CLANG_WARN_DEPRECATED_OBJC_IMPLEMENTATIONS = YES;
				CLANG_WARN_DIRECT_OBJC_ISA_USAGE = YES_ERROR;
				CLANG_WARN_DOCUMENTATION_COMMENTS = YES;
				CLANG_WARN_EMPTY_BODY = YES;
				CLANG_WARN_ENUM_CONVERSION = YES;
				CLANG_WARN_INFINITE_RECURSION = YES;
				CLANG_WARN_INT_CONVERSION = YES;
				CLANG_WARN_NON_LITERAL_NULL_CONVERSION = YES;
				CLANG_WARN_OBJC_IMPLICIT_RETAIN_SELF = YES;
				CLANG_WARN_OBJC_LITERAL_CONVERSION = YES;
				CLANG_WARN_OBJC_ROOT_CLASS = YES_ERROR;
				CLANG_WARN_RANGE_LOOP_ANALYSIS = YES;
				CLANG_WARN_STRICT_PROTOTYPES = YES;
				CLANG_WARN_SUSPICIOUS_MOVE = YES;
				CLANG_WARN_UNGUARDED_AVAILABILITY = YES_AGGRESSIVE;
				CLANG_WARN_UNREACHABLE_CODE = YES;
				CLANG_WARN__DUPLICATE_METHOD_MATCH = YES;
				CODE_SIGN_IDENTITY = "-";
				COPY_PHASE_STRIP = NO;
				DEBUG_INFORMATION_FORMAT = "dwarf-with-dsym";
				ENABLE_NS_ASSERTIONS = NO;
				ENABLE_STRICT_OBJC_MSGSEND = YES;
				GCC_C_LANGUAGE_STANDARD = gnu11;
				GCC_NO_COMMON_BLOCKS = YES;
				GCC_WARN_64_TO_32_BIT_CONVERSION = YES;
				GCC_WARN_ABOUT_RETURN_TYPE = YES_ERROR;
				GCC_WARN_UNDECLARED_SELECTOR = YES;
				GCC_WARN_UNINITIALIZED_AUTOS = YES_AGGRESSIVE;
				GCC_WARN_UNUSED_FUNCTION = YES;
				GCC_WARN_UNUSED_VARIABLE = YES;
				MACOSX_DEPLOYMENT_TARGET = 10.14;
				MTL_ENABLE_DEBUG_INFO = NO;
				SDKROOT = macosx;
			};
			name = Release;
		};
		C81B099C21B6A21200E12E6D /* Debug */ = {
			isa = XCBuildConfiguration;
			buildSettings = {
				CODE_SIGN_STYLE = Automatic;
				LIBRARY_SEARCH_PATHS = (
					"$(inherited)",
					/usr/local/Cellar/freeglut/3.0.0/lib,
				);
				PRODUCT_NAME = "$(TARGET_NAME)";
			};
			name = Debug;
		};
		C81B099D21B6A21200E12E6D /* Release */ = {
			isa = XCBuildConfiguration;
			buildSettings = {
				CODE_SIGN_STYLE = Automatic;
				LIBRARY_SEARCH_PATHS = (
					"$(inherited)",
					/usr/local/Cellar/freeglut/3.0.0/lib,
				);
				PRODUCT_NAME = "$(TARGET_NAME)";
			};
			name = Release;
		};
/* End XCBuildConfiguration section */

/* Begin XCConfigurationList section */
		C81B098F21B6A21200E12E6D /* Build configuration list for PBXProject "Lab1_OprnGl" */ = {
			isa = XCConfigurationList;
			buildConfigurations = (
				C81B099921B6A21200E12E6D /* Debug */,
				C81B099A21B6A21200E12E6D /* Release */,
			);
			defaultConfigurationIsVisible = 0;
			defaultConfigurationName = Release;
		};
		C81B099B21B6A21200E12E6D /* Build configuration list for PBXNativeTarget "Lab1_OprnGl" */ = {
			isa = XCConfigurationList;
			buildConfigurations = (
				C81B099C21B6A21200E12E6D /* Debug */,
				C81B099D21B6A21200E12E6D /* Release */,
			);
			defaultConfigurationIsVisible = 0;
			defaultConfigurationName = Release;
		};
/* End XCConfigurationList section */
	};
	rootObject = C81B098C21B6A21200E12E6D /* Project object */;
}
